
Microsoft Visual Studio Solution File, Format Version 12.00
# Visual Studio Version 17
VisualStudioVersion = 17.13.35806.99 d17.13
MinimumVisualStudioVersion = 10.0.40219.1
Project("{FAE04EC0-301F-11D3-BF4B-00C04F79EFBC}") = "ConsoleApp7", "ConsoleApp7\ConsoleApp7.csproj", "{7B464BA5-5BD7-49B6-9135-E0AB57C6724D}"
EndProject
Global
	GlobalSection(SolutionConfigurationPlatforms) = preSolution
		Debug|Any CPU = Debug|Any CPU
		Release|Any CPU = Release|Any CPU
	EndGlobalSection
	GlobalSection(ProjectConfigurationPlatforms) = postSolution
		{7B464BA5-5BD7-49B6-9135-E0AB57C6724D}.Debug|Any CPU.ActiveCfg = Debug|Any CPU
		{7B464BA5-5BD7-49B6-9135-E0AB57C6724D}.Debug|Any CPU.Build.0 = Debug|Any CPU
		{7B464BA5-5BD7-49B6-9135-E0AB57C6724D}.Release|Any CPU.ActiveCfg = Release|Any CPU
		{7B464BA5-5BD7-49B6-9135-E0AB57C6724D}.Release|Any CPU.Build.0 = Release|Any CPU
	EndGlobalSection
	GlobalSection(SolutionProperties) = preSolution
		HideSolutionNode = FALSE
	EndGlobalSection
	GlobalSection(ExtensibilityGlobals) = postSolution
		SolutionGuid = {9EB16C80-7669-4141-9162-890A41D46438}
	EndGlobalSection
EndGlobal
